{
  "projects": [
    {
      "projectId": "seaQhLVS4bbjiGvJJrRwyL",
      "version": "15.0.3",
      "dependencies": {},
      "lang": "ts",
      "fileLocks": [
        {
          "assetId": "seaQhLVS4bbjiGvJJrRwyL",
          "type": "projectCss",
          "checksum": "85f7ca190f576c5a2499623973afb625"
        }
      ]
    },
    {
      "projectId": "U1qexeZAxKnFPqFFnSEUB",
      "version": "latest",
      "dependencies": {
        "seaQhLVS4bbjiGvJJrRwyL": "15.0.3"
      },
      "lang": "ts",
      "fileLocks": [
        {
          "type": "globalVariant",
          "assetId": "wH-Eb1OeYquQUw",
          "checksum": "ecef49645ec6867f8ff897980811c011"
        },
        {
          "assetId": "U1qexeZAxKnFPqFFnSEUB",
          "type": "projectCss",
          "checksum": "3d663db564ac30b88462b624e3e5bd94"
        },
        {
          "type": "renderModule",
          "assetId": "UTpklsfcvuMrq",
          "checksum": "4b347680a5ddae2e3558c451e1c269ed"
        },
        {
          "type": "cssRules",
          "assetId": "UTpklsfcvuMrq",
          "checksum": "4b347680a5ddae2e3558c451e1c269ed"
        },
        {
          "type": "renderModule",
          "assetId": "YrPXBCHaWJzYT",
          "checksum": "b142fd477c3a3115896c82354422e20d"
        },
        {
          "type": "cssRules",
          "assetId": "YrPXBCHaWJzYT",
          "checksum": "b142fd477c3a3115896c82354422e20d"
        },
        {
          "type": "renderModule",
          "assetId": "p6FVu5Eb-V179",
          "checksum": "1ede5df3e46ec880961bab06d0d2069b"
        },
        {
          "type": "cssRules",
          "assetId": "p6FVu5Eb-V179",
          "checksum": "1ede5df3e46ec880961bab06d0d2069b"
        },
        {
          "type": "renderModule",
          "assetId": "-A-XHNltYFOeC",
          "checksum": "20a972a9fe5eec9722972507f114161d"
        },
        {
          "type": "cssRules",
          "assetId": "-A-XHNltYFOeC",
          "checksum": "20a972a9fe5eec9722972507f114161d"
        },
        {
          "type": "renderModule",
          "assetId": "_IdL1cxKQVorfU",
          "checksum": "0079a28f3e370aa0e724c85a259d1264"
        },
        {
          "type": "cssRules",
          "assetId": "_IdL1cxKQVorfU",
          "checksum": "0079a28f3e370aa0e724c85a259d1264"
        },
        {
          "type": "renderModule",
          "assetId": "Nn8Ss0jICW7lwV",
          "checksum": "30ab9110a18308163e380b6a21c027d2"
        },
        {
          "type": "cssRules",
          "assetId": "Nn8Ss0jICW7lwV",
          "checksum": "30ab9110a18308163e380b6a21c027d2"
        },
        {
          "type": "renderModule",
          "assetId": "j-k2v-NCS2pG9d",
          "checksum": "8823b7715875aaeceb789c393092e7b8"
        },
        {
          "type": "cssRules",
          "assetId": "j-k2v-NCS2pG9d",
          "checksum": "8823b7715875aaeceb789c393092e7b8"
        },
        {
          "type": "renderModule",
          "assetId": "RJ-B7u7GdkP5IM",
          "checksum": "87c22dc774cd81d6927ac2fc057f793a"
        },
        {
          "type": "cssRules",
          "assetId": "RJ-B7u7GdkP5IM",
          "checksum": "87c22dc774cd81d6927ac2fc057f793a"
        },
        {
          "type": "renderModule",
          "assetId": "FqHwe52w8GjX8c",
          "checksum": "9156bfcc0e177734554defed0f321ddb"
        },
        {
          "type": "cssRules",
          "assetId": "FqHwe52w8GjX8c",
          "checksum": "9156bfcc0e177734554defed0f321ddb"
        },
        {
          "type": "renderModule",
          "assetId": "zrgn7co2QChg9g",
          "checksum": "b0b1ba7cbb9392dfae4b31dc2e140d39"
        },
        {
          "type": "cssRules",
          "assetId": "zrgn7co2QChg9g",
          "checksum": "b0b1ba7cbb9392dfae4b31dc2e140d39"
        },
        {
          "type": "renderModule",
          "assetId": "0R58w5_g-sIQLU",
          "checksum": "8c250a0f5e1973efbebacb2b844728f5"
        },
        {
          "type": "cssRules",
          "assetId": "0R58w5_g-sIQLU",
          "checksum": "8c250a0f5e1973efbebacb2b844728f5"
        },
        {
          "type": "icon",
          "assetId": "flgssKiQVxjGJq",
          "checksum": "06302004304cbc24e0dc6295241c63b1"
        },
        {
          "type": "icon",
          "assetId": "EivgSVVE1IugSN",
          "checksum": "14e8295e600ac27c8a974038ecfa56f0"
        },
        {
          "type": "icon",
          "assetId": "WKpqs2Ib1G56uD",
          "checksum": "c61302144ab243a39f88a4eae138fe59"
        },
        {
          "type": "icon",
          "assetId": "tSw5yUEvbS6xXa",
          "checksum": "fd8a2a1b57a7528f01fbe2b0254e0dda"
        },
        {
          "type": "icon",
          "assetId": "hPBjdu49qUmYo6",
          "checksum": "7ac3a71b7f6c4dc7007ea6e02d29f6e9"
        },
        {
          "type": "icon",
          "assetId": "jIEBgipRUh4uCc",
          "checksum": "639304fed583f0cb178fcb8d013b4c28"
        },
        {
          "type": "icon",
          "assetId": "cNYcCS9qoXekoh",
          "checksum": "c3a2e8120a6f8cb601d28a12728a5ca8"
        },
        {
          "type": "icon",
          "assetId": "s_zu2GzZlzxhKA",
          "checksum": "7e2dcd2de558423d1356207d0a66d59d"
        },
        {
          "type": "icon",
          "assetId": "hOqprBwRaK7Nwv",
          "checksum": "9d8d6f1a989dda4a607042ebea4ce51b"
        },
        {
          "type": "icon",
          "assetId": "rVd6RpNYMzr5HH",
          "checksum": "96d7ef1d89df7f23cdf74f581cc1ca6b"
        },
        {
          "type": "icon",
          "assetId": "i-ZxCuN_GVfMwC",
          "checksum": "e4d57f78ebf545219548b96eea39a69a"
        },
        {
          "type": "icon",
          "assetId": "wmBbUdHL6fOauF",
          "checksum": "30b7743b3a1dd57e43f3d54a42dba1c2"
        },
        {
          "type": "icon",
          "assetId": "t38T-luLky_kLV",
          "checksum": "716dbb8a7bf49999912dbea760fb877f"
        },
        {
          "type": "icon",
          "assetId": "UOmFOZSEe6t19O",
          "checksum": "806ebaa7abc45e6b146cf26d7c01a6f2"
        },
        {
          "type": "icon",
          "assetId": "_gk-eELFqCAG1_",
          "checksum": "02ff4d9fb72f76dd5efc82badadca823"
        },
        {
          "type": "icon",
          "assetId": "TMEwJv9hyKXzyq",
          "checksum": "7fb7a2685065d41f571e6df9d9871e22"
        },
        {
          "type": "icon",
          "assetId": "h5s6mzOnUkL8Jj",
          "checksum": "92313f07f86adc0961ff80e72d090319"
        },
        {
          "type": "image",
          "assetId": "sxjctDFQLN67ud",
          "checksum": "ab65b6ea711841a443b0c58c9d39e1e3"
        },
        {
          "type": "image",
          "assetId": "DLVHAeBQpOIFYW",
          "checksum": "1037a5875b46c6d19e93887bd0d929c4"
        },
        {
          "type": "image",
          "assetId": "_24-d_BqXgrN8_",
          "checksum": "ed0d113f357956f11cacaea1f4fa117c"
        },
        {
          "type": "image",
          "assetId": "rmC4VAkqH6BQq_",
          "checksum": "e484a21b788812d716b182b7ab5e8d93"
        },
        {
          "type": "image",
          "assetId": "qBexGl-BA1u0cQ",
          "checksum": "286022fdcb16d48c40bcd061cde5d238"
        },
        {
          "type": "image",
          "assetId": "44V2yuoGLgEFD1",
          "checksum": "da1176215ff22a683a47372ca7881804"
        },
        {
          "type": "image",
          "assetId": "aZ-Z1VUwi0au0_",
          "checksum": "c256789537d01e32e2b9142a671099b9"
        },
        {
          "type": "image",
          "assetId": "2tClws9_c4m3u9",
          "checksum": "b698696497c2f8ced2c8e2c28455766b"
        },
        {
          "type": "image",
          "assetId": "XzcilmjiwghhOG",
          "checksum": "b1da7e2cc15877e025193a08f5c74336"
        },
        {
          "type": "image",
          "assetId": "qf8fNUXqJpnN34",
          "checksum": "13fbf2b0da5d0e7e016daf9b8b2ecdef"
        },
        {
          "type": "image",
          "assetId": "3nNNsWgZhHJoxR",
          "checksum": "e4d0850fd44d6f0a65bc0fdeddd6da4e"
        },
        {
          "type": "image",
          "assetId": "Pto-XdRpfChbqD",
          "checksum": "c30f0548ee8662ad9373d9d30be2c35a"
        },
        {
          "type": "image",
          "assetId": "b3Ou3Naas8PSXk",
          "checksum": "12fffc4980adabde47bd620992d4ff96"
        },
        {
          "type": "image",
          "assetId": "9Jg-qvXFm1d32O",
          "checksum": "58bd47524be9e946ee48dc76c2080f7f"
        },
        {
          "type": "image",
          "assetId": "ja60Ni3W8Z2DVi",
          "checksum": "ec90845e2c699ee7a43f1bcc6fee4f10"
        },
        {
          "type": "image",
          "assetId": "1asdSOu1ayUUrn",
          "checksum": "32626c3920f7eb04c43b16f82fb7059a"
        },
        {
          "type": "image",
          "assetId": "gTxeqSYMkz-UZd",
          "checksum": "5710773d3b0e576233cae2da910119dd"
        },
        {
          "type": "image",
          "assetId": "CECksfjyyUgXJI",
          "checksum": "e67ad56cd71de30412a6133d870d4ed2"
        },
        {
          "type": "image",
          "assetId": "8hJG9gn7GICFi0",
          "checksum": "b87f2e317992101462026f37903ceb99"
        },
        {
          "type": "image",
          "assetId": "uekQFhMUxDoMdX",
          "checksum": "949ed9b95e9180f123e5922efd9b9ba0"
        },
        {
          "type": "image",
          "assetId": "zHy_34Ml-uJjxC",
          "checksum": "d0442c4d3859cc356f9cebe65ed81a0c"
        },
        {
          "type": "image",
          "assetId": "hYNmI4E4T5CrvN",
          "checksum": "7948f9cb2fb42fa8c1e33b5d0ff2bd44"
        },
        {
          "type": "image",
          "assetId": "hJPjadQFg5_mrL",
          "checksum": "3115cd29e148e78456eac71bba407ad2"
        },
        {
          "type": "image",
          "assetId": "ED07XGrd8c0ith",
          "checksum": "a5c0343cde413a7904cc93a076dc4b83"
        },
        {
          "type": "image",
          "assetId": "yCEoJj9ZKCeqv-",
          "checksum": "0050e9362eb45ad0183aa80158d2b3f0"
        }
      ]
    }
  ],
  "cliVersion": "0.1.157"
}
